PODS:
  - Flutter (1.0.0)
  - health_data (0.0.1):
    - Flutter

DEPENDENCIES:
  - Flutter (from `Flutter`)
  - health_data (from `.symlinks/plugins/health_data/ios`)

EXTERNAL SOURCES:
  Flutter:
    :path: Flutter
  health_data:
    :path: ".symlinks/plugins/health_data/ios"

SPEC CHECKSUMS:
  Flutter: 434fef37c0980e73bb6479ef766c45957d4b510c
  health_data: 782acec3c46928d997aafe4f074aa524fb0b49c4

PODFILE CHECKSUM: aafe91acc616949ddb318b77800a7f51bffa2a4c

COCOAPODS: 1.11.0
